
Microsoft Visual Studio Solution File, Format Version 12.00
# Visual Studio Version 17
VisualStudioVersion = 17.6.33829.357
MinimumVisualStudioVersion = 10.0.40219.1
Project("{FAE04EC0-301F-11D3-BF4B-00C04F79EFBC}") = "CSProfHomeWork", "CSProfHomeWork.csproj", "{48C39977-917B-4C92-8C29-9B575B424B93}"
EndProject
Project("{FAE04EC0-301F-11D3-BF4B-00C04F79EFBC}") = "EquitationSolver", "..\EquitationSolver\EquitationSolver.csproj", "{9752EC12-5B57-4F20-A8D8-2576BFADDEB1}"
EndProject
Global
	GlobalSection(SolutionConfigurationPlatforms) = preSolution
		Debug|Any CPU = Debug|Any CPU
		Release|Any CPU = Release|Any CPU
	EndGlobalSection
	GlobalSection(ProjectConfigurationPlatforms) = postSolution
		{48C39977-917B-4C92-8C29-9B575B424B93}.Debug|Any CPU.ActiveCfg = Debug|Any CPU
		{48C39977-917B-4C92-8C29-9B575B424B93}.Debug|Any CPU.Build.0 = Debug|Any CPU
		{48C39977-917B-4C92-8C29-9B575B424B93}.Release|Any CPU.ActiveCfg = Release|Any CPU
		{48C39977-917B-4C92-8C29-9B575B424B93}.Release|Any CPU.Build.0 = Release|Any CPU
		{9752EC12-5B57-4F20-A8D8-2576BFADDEB1}.Debug|Any CPU.ActiveCfg = Debug|Any CPU
		{9752EC12-5B57-4F20-A8D8-2576BFADDEB1}.Debug|Any CPU.Build.0 = Debug|Any CPU
		{9752EC12-5B57-4F20-A8D8-2576BFADDEB1}.Release|Any CPU.ActiveCfg = Release|Any CPU
		{9752EC12-5B57-4F20-A8D8-2576BFADDEB1}.Release|Any CPU.Build.0 = Release|Any CPU
	EndGlobalSection
	GlobalSection(SolutionProperties) = preSolution
		HideSolutionNode = FALSE
	EndGlobalSection
	GlobalSection(ExtensibilityGlobals) = postSolution
		SolutionGuid = {82DFE41E-925B-41B2-B478-78B120FF9177}
	EndGlobalSection
EndGlobal
